
Microsoft Visual Studio Solution File, Format Version 12.00
# Visual Studio Version 16
VisualStudioVersion = 16.0.31321.278
MinimumVisualStudioVersion = 10.0.40219.1
Project("{FAE04EC0-301F-11D3-BF4B-00C04F79EFBC}") = "ItogovProject18", "ItogovProject18\ItogovProject18.csproj", "{2F1913A7-D185-4B9F-9F3F-281F09236F2E}"
EndProject
Global
	GlobalSection(SolutionConfigurationPlatforms) = preSolution
		Debug|Any CPU = Debug|Any CPU
		Release|Any CPU = Release|Any CPU
	EndGlobalSection
	GlobalSection(ProjectConfigurationPlatforms) = postSolution
		{2F1913A7-D185-4B9F-9F3F-281F09236F2E}.Debug|Any CPU.ActiveCfg = Debug|Any CPU
		{2F1913A7-D185-4B9F-9F3F-281F09236F2E}.Debug|Any CPU.Build.0 = Debug|Any CPU
		{2F1913A7-D185-4B9F-9F3F-281F09236F2E}.Release|Any CPU.ActiveCfg = Release|Any CPU
		{2F1913A7-D185-4B9F-9F3F-281F09236F2E}.Release|Any CPU.Build.0 = Release|Any CPU
	EndGlobalSection
	GlobalSection(SolutionProperties) = preSolution
		HideSolutionNode = FALSE
	EndGlobalSection
	GlobalSection(ExtensibilityGlobals) = postSolution
		SolutionGuid = {1FA44AE6-DA5B-475B-9CBC-50E078D71E06}
	EndGlobalSection
EndGlobal
